
Microsoft Visual Studio Solution File, Format Version 12.00
# Visual Studio Version 17
VisualStudioVersion = 17.5.33627.172
MinimumVisualStudioVersion = 10.0.40219.1
Project("{FAE04EC0-301F-11D3-BF4B-00C04F79EFBC}") = "EFCoreFilms", "EFCoreFilms\EFCoreFilms.csproj", "{0CA34939-DF62-4BEC-9BCB-1E3D9F5A5095}"
EndProject
Global
	GlobalSection(SolutionConfigurationPlatforms) = preSolution
		Debug|Any CPU = Debug|Any CPU
		Release|Any CPU = Release|Any CPU
	EndGlobalSection
	GlobalSection(ProjectConfigurationPlatforms) = postSolution
		{0CA34939-DF62-4BEC-9BCB-1E3D9F5A5095}.Debug|Any CPU.ActiveCfg = Debug|Any CPU
		{0CA34939-DF62-4BEC-9BCB-1E3D9F5A5095}.Debug|Any CPU.Build.0 = Debug|Any CPU
		{0CA34939-DF62-4BEC-9BCB-1E3D9F5A5095}.Release|Any CPU.ActiveCfg = Release|Any CPU
		{0CA34939-DF62-4BEC-9BCB-1E3D9F5A5095}.Release|Any CPU.Build.0 = Release|Any CPU
	EndGlobalSection
	GlobalSection(SolutionProperties) = preSolution
		HideSolutionNode = FALSE
	EndGlobalSection
	GlobalSection(ExtensibilityGlobals) = postSolution
		SolutionGuid = {13FFA055-F2DC-43D8-8070-FA3B5E06F96E}
	EndGlobalSection
EndGlobal
